<?xml version="1.0" encoding="utf-8"?>
<Project ToolsVersion="4.0" xmlns="http://schemas.microsoft.com/developer/msbuild/2003">
  <ItemGroup>
    <Filter Include="Source Files">
      <UniqueIdentifier>{4FC737F1-C7A5-4376-A066-2A32D752A2FF}</UniqueIdentifier>
      <Extensions>cpp;c;cc;cxx;def;odl;idl;hpj;bat;asm;asmx</Extensions>
    </Filter>
    <Filter Include="Header Files">
      <UniqueIdentifier>{93995380-89BD-4b04-88EB-625FBE52EBFB}</UniqueIdentifier>
      <Extensions>h;hh;hpp;hxx;hm;inl;inc;ipp;xsd</Extensions>
    </Filter>
    <Filter Include="Resource Files">
      <UniqueIdentifier>{67DA6AB6-F800-4c08-8B7A-83BB121AAD01}</UniqueIdentifier>
      <Extensions>rc;ico;cur;bmp;dlg;rc2;rct;bin;rgs;gif;jpg;jpeg;jpe;resx;tiff;tif;png;wav;mfcribbon-ms</Extensions>
    </Filter>
    <Filter Include="Source Files\Entities">
      <UniqueIdentifier>{62473720-5496-4d5c-ae15-413bbf890c74}</UniqueIdentifier>
    </Filter>
    <Filter Include="Source Files\Toolbox">
      <UniqueIdentifier>{4566b8ab-7acc-479d-8de8-56ee5fd84f40}</UniqueIdentifier>
    </Filter>
    <Filter Include="Source Files\Shaders">
      <UniqueIdentifier>{0f9b2489-e50a-474d-93f8-fd87228358e9}</UniqueIdentifier>
    </Filter>
    <Filter Include="Source Files\Models">
      <UniqueIdentifier>{b7e26b73-caf8-4136-86fe-fb4a6c0a62e8}</UniqueIdentifier>
    </Filter>
    <Filter Include="Source Files\Shaders\Parent">
      <UniqueIdentifier>{b4189e96-80f7-4a63-854e-00de84849548}</UniqueIdentifier>
    </Filter>
    <Filter Include="Source Files\Shaders\Children">
      <UniqueIdentifier>{5ecb4072-b609-47c3-a002-640135684a62}</UniqueIdentifier>
    </Filter>
    <Filter Include="Source Files\Loaders">
      <UniqueIdentifier>{7915c76d-7684-4766-b595-5e6c13d97a5f}</UniqueIdentifier>
    </Filter>
    <Filter Include="Header Files\Entities">
      <UniqueIdentifier>{977324ed-9ea7-418b-a597-73e4422ec2aa}</UniqueIdentifier>
    </Filter>
    <Filter Include="Header Files\Loaders">
      <UniqueIdentifier>{270eac06-4614-4149-81fc-788821a35910}</UniqueIdentifier>
    </Filter>
    <Filter Include="Header Files\Models">
      <UniqueIdentifier>{406de6bd-c2c7-4dda-a8f0-3db899cae8df}</UniqueIdentifier>
    </Filter>
    <Filter Include="Header Files\Shaders">
      <UniqueIdentifier>{ba304ee7-b69c-4c36-a40d-453b2c316bac}</UniqueIdentifier>
    </Filter>
    <Filter Include="Header Files\Shaders\Parent">
      <UniqueIdentifier>{82891213-a428-4a83-bc98-35b8df02fe4a}</UniqueIdentifier>
    </Filter>
    <Filter Include="Header Files\Shaders\Children">
      <UniqueIdentifier>{866ac378-0ab9-4290-9071-9c774c043337}</UniqueIdentifier>
    </Filter>
    <Filter Include="Header Files\Toolbox">
      <UniqueIdentifier>{4512bd91-0a84-457a-9ea0-a23bc53863e2}</UniqueIdentifier>
    </Filter>
    <Filter Include="Header Files\Models\Primitives">
      <UniqueIdentifier>{58c57273-ac37-41a7-8362-1c0f6d2807be}</UniqueIdentifier>
    </Filter>
    <Filter Include="Source Files\EngineTester">
      <UniqueIdentifier>{6190fcb0-95ae-464e-9d38-4b9e9bff8018}</UniqueIdentifier>
    </Filter>
    <Filter Include="Source Files\Shaders\Children\FPSShader">
      <UniqueIdentifier>{52de3084-f53d-43bc-bad4-6245248b52bc}</UniqueIdentifier>
    </Filter>
    <Filter Include="Source Files\Shaders\Children\NormalShader">
      <UniqueIdentifier>{c92093d0-ed93-4b9d-a396-387d7e157375}</UniqueIdentifier>
    </Filter>
    <Filter Include="Source Files\Shaders\Children\ReflectionShader">
      <UniqueIdentifier>{40854b44-23df-40ed-97e8-e28c95f6bc11}</UniqueIdentifier>
    </Filter>
    <Filter Include="Source Files\Shaders\Children\Shader">
      <UniqueIdentifier>{3687f09b-969e-40f2-8258-81d25eded5e5}</UniqueIdentifier>
    </Filter>
    <Filter Include="Source Files\Shaders\Children\SkyboxShader">
      <UniqueIdentifier>{1126f27b-0a28-410b-9459-b0b2cbbbdf70}</UniqueIdentifier>
    </Filter>
    <Filter Include="Source Files\Shaders\Children\StaticShader">
      <UniqueIdentifier>{1c8bb2d1-3ab2-48da-8807-93ae84313108}</UniqueIdentifier>
    </Filter>
    <Filter Include="Source Files\Shaders\Children\TessellationShader">
      <UniqueIdentifier>{5dd20589-9266-449c-851f-040f22d8b480}</UniqueIdentifier>
    </Filter>
    <Filter Include="Header Files\Audio">
      <UniqueIdentifier>{37512c48-cd89-462b-b6ee-620b083a3404}</UniqueIdentifier>
    </Filter>
    <Filter Include="Source Files\Audio">
      <UniqueIdentifier>{beeeb00e-88b8-4501-966a-3e0b9a49b1cf}</UniqueIdentifier>
    </Filter>
    <Filter Include="Header Files\Audio\Primitives">
      <UniqueIdentifier>{a043f7d0-1b28-48e4-87f6-872b05379503}</UniqueIdentifier>
    </Filter>
    <Filter Include="Header Files\Graphics">
      <UniqueIdentifier>{119b0a36-92ee-42c9-9106-27ae9b406c02}</UniqueIdentifier>
    </Filter>
    <Filter Include="Source Files\Graphics">
      <UniqueIdentifier>{052e349d-3495-4cbc-8908-46c9e06e6762}</UniqueIdentifier>
    </Filter>
    <Filter Include="Resource Files\Include">
      <UniqueIdentifier>{6613a359-5e8d-4ffc-902f-331f483bef8a}</UniqueIdentifier>
    </Filter>
    <Filter Include="Resource Files\Settings">
      <UniqueIdentifier>{21b13dd1-9cb5-4085-9b8a-a8e8b96fe30c}</UniqueIdentifier>
    </Filter>
    <Filter Include="Source Files\Shaders\Children\BSDFShader">
      <UniqueIdentifier>{6714004b-6c90-4fc4-9d9f-142ed55395ce}</UniqueIdentifier>
    </Filter>
    <Filter Include="Resource Files\Notes">
      <UniqueIdentifier>{af374fd0-75c5-482d-b567-d9fcebc8ceb5}</UniqueIdentifier>
    </Filter>
    <Filter Include="Header Files\Physics">
      <UniqueIdentifier>{572738fa-42e4-435b-979f-f4be56395117}</UniqueIdentifier>
    </Filter>
    <Filter Include="Source Files\Physics">
      <UniqueIdentifier>{81388bd0-c715-44c8-921f-ed5e8c95ee42}</UniqueIdentifier>
    </Filter>
    <Filter Include="Source Files\Physics\CollisionObjects">
      <UniqueIdentifier>{afb32ff6-9412-4491-bd68-2736280b113e}</UniqueIdentifier>
    </Filter>
    <Filter Include="Header Files\Physics\CollisionObjects">
      <UniqueIdentifier>{daa339da-875e-4176-8ee3-61a2cca2a4e2}</UniqueIdentifier>
    </Filter>
  </ItemGroup>
  <ItemGroup>
    <ClInclude Include="Camera.h">
      <Filter>Header Files\Entities</Filter>
    </ClInclude>
    <ClInclude Include="Light.h">
      <Filter>Header Files\Entities</Filter>
    </ClInclude>
    <ClInclude Include="FpsModel.h">
      <Filter>Header Files\Models</Filter>
    </ClInclude>
    <ClInclude Include="Mesh.h">
      <Filter>Header Files\Models</Filter>
    </ClInclude>
    <ClInclude Include="SkyboxModel.h">
      <Filter>Header Files\Models</Filter>
    </ClInclude>
    <ClInclude Include="ShaderProgram.h">
      <Filter>Header Files\Shaders\Parent</Filter>
    </ClInclude>
    <ClInclude Include="TessellationShader.h">
      <Filter>Header Files\Shaders\Children</Filter>
    </ClInclude>
    <ClInclude Include="StaticShader.h">
      <Filter>Header Files\Shaders\Children</Filter>
    </ClInclude>
    <ClInclude Include="SkyboxShader.h">
      <Filter>Header Files\Shaders\Children</Filter>
    </ClInclude>
    <ClInclude Include="Shader.h">
      <Filter>Header Files\Shaders\Children</Filter>
    </ClInclude>
    <ClInclude Include="ReflectionShader.h">
      <Filter>Header Files\Shaders\Children</Filter>
    </ClInclude>
    <ClInclude Include="NormalShader.h">
      <Filter>Header Files\Shaders\Children</Filter>
    </ClInclude>
    <ClInclude Include="FPSShader.h">
      <Filter>Header Files\Shaders\Children</Filter>
    </ClInclude>
    <ClInclude Include="Maths.h">
      <Filter>Header Files\Toolbox</Filter>
    </ClInclude>
    <ClInclude Include="DisplayManager.h">
      <Filter>Header Files\Toolbox</Filter>
    </ClInclude>
    <ClInclude Include="Debug.h">
      <Filter>Header Files\Toolbox</Filter>
    </ClInclude>
    <ClInclude Include="Config.h">
      <Filter>Header Files\Toolbox</Filter>
    </ClInclude>
    <ClInclude Include="Source.h">
      <Filter>Header Files\Audio</Filter>
    </ClInclude>
    <ClInclude Include="Sound.h">
      <Filter>Header Files\Audio\Primitives</Filter>
    </ClInclude>
    <ClInclude Include="OpenALFunctions.h">
      <Filter>Header Files\Audio</Filter>
    </ClInclude>
    <ClInclude Include="Listener.h">
      <Filter>Header Files\Audio</Filter>
    </ClInclude>
    <ClInclude Include="OpenGLFunctions.h">
      <Filter>Header Files\Graphics</Filter>
    </ClInclude>
    <ClInclude Include="FrameBufferObject.h">
      <Filter>Header Files\Graphics</Filter>
    </ClInclude>
    <ClInclude Include="Model.h">
      <Filter>Header Files\Models</Filter>
    </ClInclude>
    <ClInclude Include="Material.h">
      <Filter>Header Files\Models\Primitives</Filter>
    </ClInclude>
    <ClInclude Include="Texture.h">
      <Filter>Header Files\Models\Primitives</Filter>
    </ClInclude>
    <ClInclude Include="Vertex.h">
      <Filter>Header Files\Models\Primitives</Filter>
    </ClInclude>
    <ClInclude Include="Loader.h">
      <Filter>Header Files\Loaders</Filter>
    </ClInclude>
    <ClInclude Include="..\Include\openAL\al.h">
      <Filter>Resource Files\Include</Filter>
    </ClInclude>
    <ClInclude Include="..\Include\openAL\alc.h">
      <Filter>Resource Files\Include</Filter>
    </ClInclude>
    <ClInclude Include="INIReader.h">
      <Filter>Resource Files\Include</Filter>
    </ClInclude>
    <ClInclude Include="stb_image.h">
      <Filter>Resource Files\Include</Filter>
    </ClInclude>
    <ClInclude Include="BSDFShader.h">
      <Filter>Header Files\Shaders\Children</Filter>
    </ClInclude>
    <ClInclude Include="PhysicsManager.h">
      <Filter>Header Files\Physics</Filter>
    </ClInclude>
    <ClInclude Include="PhysicsBox.h">
      <Filter>Header Files\Physics\CollisionObjects</Filter>
    </ClInclude>
  </ItemGroup>
  <ItemGroup>
    <ClCompile Include="Camera.cpp">
      <Filter>Source Files\Entities</Filter>
    </ClCompile>
    <ClCompile Include="DisplayManager.cpp">
      <Filter>Source Files\Toolbox</Filter>
    </ClCompile>
    <ClCompile Include="Mesh.cpp">
      <Filter>Source Files\Models</Filter>
    </ClCompile>
    <ClCompile Include="Debug.cpp">
      <Filter>Source Files\Toolbox</Filter>
    </ClCompile>
    <ClCompile Include="SkyboxModel.cpp">
      <Filter>Source Files\Models</Filter>
    </ClCompile>
    <ClCompile Include="Light.cpp">
      <Filter>Source Files\Entities</Filter>
    </ClCompile>
    <ClCompile Include="FpsModel.cpp">
      <Filter>Source Files\Models</Filter>
    </ClCompile>
    <ClCompile Include="ShaderProgram.cpp">
      <Filter>Source Files\Shaders\Parent</Filter>
    </ClCompile>
    <ClCompile Include="Config.cpp">
      <Filter>Source Files\Toolbox</Filter>
    </ClCompile>
    <ClCompile Include="Maths.cpp">
      <Filter>Source Files\Toolbox</Filter>
    </ClCompile>
    <ClCompile Include="Main.cpp">
      <Filter>Source Files\EngineTester</Filter>
    </ClCompile>
    <ClCompile Include="FPSShader.cpp">
      <Filter>Source Files\Shaders\Children\FPSShader</Filter>
    </ClCompile>
    <ClCompile Include="NormalShader.cpp">
      <Filter>Source Files\Shaders\Children\NormalShader</Filter>
    </ClCompile>
    <ClCompile Include="ReflectionShader.cpp">
      <Filter>Source Files\Shaders\Children\ReflectionShader</Filter>
    </ClCompile>
    <ClCompile Include="Shader.cpp">
      <Filter>Source Files\Shaders\Children\Shader</Filter>
    </ClCompile>
    <ClCompile Include="SkyboxShader.cpp">
      <Filter>Source Files\Shaders\Children\SkyboxShader</Filter>
    </ClCompile>
    <ClCompile Include="StaticShader.cpp">
      <Filter>Source Files\Shaders\Children\StaticShader</Filter>
    </ClCompile>
    <ClCompile Include="TessellationShader.cpp">
      <Filter>Source Files\Shaders\Children\TessellationShader</Filter>
    </ClCompile>
    <ClCompile Include="Source.cpp">
      <Filter>Source Files\Audio</Filter>
    </ClCompile>
    <ClCompile Include="OpenALFunctions.cpp">
      <Filter>Source Files\Audio</Filter>
    </ClCompile>
    <ClCompile Include="Listener.cpp">
      <Filter>Source Files\Audio</Filter>
    </ClCompile>
    <ClCompile Include="OpenGLFunctions.cpp">
      <Filter>Source Files\Graphics</Filter>
    </ClCompile>
    <ClCompile Include="FrameBufferObject.cpp">
      <Filter>Source Files\Graphics</Filter>
    </ClCompile>
    <ClCompile Include="Model.cpp">
      <Filter>Source Files\Models</Filter>
    </ClCompile>
    <ClCompile Include="Loader.cpp">
      <Filter>Source Files\Loaders</Filter>
    </ClCompile>
    <ClCompile Include="glad.c">
      <Filter>Resource Files\Include</Filter>
    </ClCompile>
    <ClCompile Include="stb.cpp">
      <Filter>Resource Files\Include</Filter>
    </ClCompile>
    <ClCompile Include="BSDFShader.cpp">
      <Filter>Source Files\Shaders\Children\BSDFShader</Filter>
    </ClCompile>
    <ClCompile Include="PhysicsManager.cpp">
      <Filter>Source Files\Physics</Filter>
    </ClCompile>
    <ClCompile Include="PhysicsBox.cpp">
      <Filter>Source Files\Physics\CollisionObjects</Filter>
    </ClCompile>
  </ItemGroup>
  <ItemGroup>
    <None Include="shaders\fpsShader\fragmentShaderFPS.frag">
      <Filter>Source Files\Shaders\Children\FPSShader</Filter>
    </None>
    <None Include="shaders\fpsShader\vertexShaderFPS.vert">
      <Filter>Source Files\Shaders\Children\FPSShader</Filter>
    </None>
    <None Include="shaders\normalShader\normalShader.frag">
      <Filter>Source Files\Shaders\Children\NormalShader</Filter>
    </None>
    <None Include="shaders\normalShader\normalShader.vert">
      <Filter>Source Files\Shaders\Children\NormalShader</Filter>
    </None>
    <None Include="shaders\reflectionShader\shader.frag">
      <Filter>Source Files\Shaders\Children\ReflectionShader</Filter>
    </None>
    <None Include="shaders\reflectionShader\shader.vert">
      <Filter>Source Files\Shaders\Children\ReflectionShader</Filter>
    </None>
    <None Include="shaders\shader\shader.frag">
      <Filter>Source Files\Shaders\Children\Shader</Filter>
    </None>
    <None Include="shaders\shader\shader.vert">
      <Filter>Source Files\Shaders\Children\Shader</Filter>
    </None>
    <None Include="shaders\skyboxShader\shader.frag">
      <Filter>Source Files\Shaders\Children\SkyboxShader</Filter>
    </None>
    <None Include="shaders\skyboxShader\shader.vert">
      <Filter>Source Files\Shaders\Children\SkyboxShader</Filter>
    </None>
    <None Include="shaders\staticShader\staticShader.frag">
      <Filter>Source Files\Shaders\Children\StaticShader</Filter>
    </None>
    <None Include="shaders\staticShader\staticShader.vert">
      <Filter>Source Files\Shaders\Children\StaticShader</Filter>
    </None>
    <None Include="shaders\tessellationShader\control.tesc">
      <Filter>Source Files\Shaders\Children\TessellationShader</Filter>
    </None>
    <None Include="shaders\tessellationShader\evaluation.tese">
      <Filter>Source Files\Shaders\Children\TessellationShader</Filter>
    </None>
    <None Include="shaders\tessellationShader\fragment.frag">
      <Filter>Source Files\Shaders\Children\TessellationShader</Filter>
    </None>
    <None Include="shaders\tessellationShader\vertex.vert">
      <Filter>Source Files\Shaders\Children\TessellationShader</Filter>
    </None>
    <None Include="Settings\settings.ini">
      <Filter>Resource Files\Settings</Filter>
    </None>
    <None Include="Shaders\BSDFShader\shader.frag">
      <Filter>Source Files\Shaders\Children\BSDFShader</Filter>
    </None>
    <None Include="Shaders\BSDFShader\shader.vert">
      <Filter>Source Files\Shaders\Children\BSDFShader</Filter>
    </None>
  </ItemGroup>
  <ItemGroup>
    <Text Include="StyleRules.txt">
      <Filter>Resource Files\Notes</Filter>
    </Text>
  </ItemGroup>
</Project>